
Microsoft Visual Studio Solution File, Format Version 12.00
# Visual Studio Version 17
VisualStudioVersion = 17.14.36623.8 d17.14
MinimumVisualStudioVersion = 10.0.40219.1
Project("{FAE04EC0-301F-11D3-BF4B-00C04F79EFBC}") = "SpeechToTextWhisperGUI", "SpeechToTextWhisperGUI\SpeechToTextWhisperGUI.csproj", "{DC68A180-F1FF-4DBE-BF0B-DE8B14ED590D}"
EndProject
Global
	GlobalSection(SolutionConfigurationPlatforms) = preSolution
		Debug|Any CPU = Debug|Any CPU
		Debug|x64 = Debug|x64
		Release|Any CPU = Release|Any CPU
		Release|x64 = Release|x64
		x64|Any CPU = x64|Any CPU
		x64|x64 = x64|x64
	EndGlobalSection
	GlobalSection(ProjectConfigurationPlatforms) = postSolution
		{DC68A180-F1FF-4DBE-BF0B-DE8B14ED590D}.Debug|Any CPU.ActiveCfg = Debug|Any CPU
		{DC68A180-F1FF-4DBE-BF0B-DE8B14ED590D}.Debug|Any CPU.Build.0 = Debug|Any CPU
		{DC68A180-F1FF-4DBE-BF0B-DE8B14ED590D}.Debug|x64.ActiveCfg = Debug|x64
		{DC68A180-F1FF-4DBE-BF0B-DE8B14ED590D}.Debug|x64.Build.0 = Debug|x64
		{DC68A180-F1FF-4DBE-BF0B-DE8B14ED590D}.Release|Any CPU.ActiveCfg = Release|Any CPU
		{DC68A180-F1FF-4DBE-BF0B-DE8B14ED590D}.Release|Any CPU.Build.0 = Release|Any CPU
		{DC68A180-F1FF-4DBE-BF0B-DE8B14ED590D}.Release|x64.ActiveCfg = Release|x64
		{DC68A180-F1FF-4DBE-BF0B-DE8B14ED590D}.Release|x64.Build.0 = Release|x64
		{DC68A180-F1FF-4DBE-BF0B-DE8B14ED590D}.x64|Any CPU.ActiveCfg = x64|Any CPU
		{DC68A180-F1FF-4DBE-BF0B-DE8B14ED590D}.x64|Any CPU.Build.0 = x64|Any CPU
		{DC68A180-F1FF-4DBE-BF0B-DE8B14ED590D}.x64|x64.ActiveCfg = x64|x64
		{DC68A180-F1FF-4DBE-BF0B-DE8B14ED590D}.x64|x64.Build.0 = x64|x64
	EndGlobalSection
	GlobalSection(SolutionProperties) = preSolution
		HideSolutionNode = FALSE
	EndGlobalSection
	GlobalSection(ExtensibilityGlobals) = postSolution
		SolutionGuid = {BDD17B87-8F2C-45D4-998C-D37DA277C6DD}
	EndGlobalSection
EndGlobal
